# This file is automatically @generated by Poetry 2.1.2 and should not be changed by hand.

[[package]]
name = "lib-utilys"
version = "0.1.3"
description = ""
optional = false
python-versions = ">=3.10"
groups = ["main"]
files = [
    {file = "lib_utilys-0.1.3-py3-none-any.whl", hash = "sha256:80e2d5c3893e80c35aa0922cacb30def9f1adaeb113e5aaad925e25532af83a7"},
    {file = "lib_utilys-0.1.3.tar.gz", hash = "sha256:be175943eea032c44398556a57bfbda5916ec3188b45ba4c1f48ac7a46501b85"},
]

[metadata]
lock-version = "2.1"
python-versions = ">=3.10"
content-hash = "417b51b0c41bb8ea681988e8212258d30a6413a47361e68c92db8c205ff7edf2"
