# This file is automatically @generated by Poetry 2.1.2 and should not be changed by hand.

[[package]]
name = "lib-utilys"
version = "0.1.7"
description = ""
optional = false
python-versions = ">=3.10"
groups = ["main"]
files = [
    {file = "lib_utilys-0.1.7-py3-none-any.whl", hash = "sha256:4f175233db2a6f143d33fb23f58d2fa63697dcfc6bbfa5869d83e596fee81dfb"},
    {file = "lib_utilys-0.1.7.tar.gz", hash = "sha256:e6aa140acb5f7c908534d438ef70744bb42ea81da2394d56e349f02690ddf746"},
]

[metadata]
lock-version = "2.1"
python-versions = ">=3.10"
content-hash = "417b51b0c41bb8ea681988e8212258d30a6413a47361e68c92db8c205ff7edf2"
